// !$*UTF8*$!
{
	archiveVersion = 1;
	classes = {
	};
	objectVersion = 46;
	objects = {

/* Begin PBXBuildFile section */
		4744832D1921C86F002BBCF5 /* Foundation.framework in Frameworks */ = {isa = PBXBuildFile; fileRef = 4744832C1921C86F002BBCF5 /* Foundation.framework */; };
		4744832F1921C86F002BBCF5 /* CoreGraphics.framework in Frameworks */ = {isa = PBXBuildFile; fileRef = 4744832E1921C86F002BBCF5 /* CoreGraphics.framework */; };
		474483311921C86F002BBCF5 /* UIKit.framework in Frameworks */ = {isa = PBXBuildFile; fileRef = 474483301921C86F002BBCF5 /* UIKit.framework */; };
		474483371921C86F002BBCF5 /* InfoPlist.strings in Resources */ = {isa = PBXBuildFile; fileRef = 474483351921C86F002BBCF5 /* InfoPlist.strings */; };
		474483391921C86F002BBCF5 /* main.m in Sources */ = {isa = PBXBuildFile; fileRef = 474483381921C86F002BBCF5 /* main.m */; };
		4744833D1921C86F002BBCF5 /* AppDelegate.m in Sources */ = {isa = PBXBuildFile; fileRef = 4744833C1921C86F002BBCF5 /* AppDelegate.m */; };
		474483401921C86F002BBCF5 /* Main.storyboard in Resources */ = {isa = PBXBuildFile; fileRef = 4744833E1921C86F002BBCF5 /* Main.storyboard */; };
		474483451921C86F002BBCF5 /* Images.xcassets in Resources */ = {isa = PBXBuildFile; fileRef = 474483441921C86F002BBCF5 /* Images.xcassets */; };
		4744834C1921C86F002BBCF5 /* XCTest.framework in Frameworks */ = {isa = PBXBuildFile; fileRef = 4744834B1921C86F002BBCF5 /* XCTest.framework */; };
		4744834D1921C86F002BBCF5 /* Foundation.framework in Frameworks */ = {isa = PBXBuildFile; fileRef = 4744832C1921C86F002BBCF5 /* Foundation.framework */; };
		4744834E1921C86F002BBCF5 /* UIKit.framework in Frameworks */ = {isa = PBXBuildFile; fileRef = 474483301921C86F002BBCF5 /* UIKit.framework */; };
		474483561921C86F002BBCF5 /* InfoPlist.strings in Resources */ = {isa = PBXBuildFile; fileRef = 474483541921C86F002BBCF5 /* InfoPlist.strings */; };
		474483581921C86F002BBCF5 /* ShotEyesiPADTests.m in Sources */ = {isa = PBXBuildFile; fileRef = 474483571921C86F002BBCF5 /* ShotEyesiPADTests.m */; };
		474483641921DE4E002BBCF5 /* Entities.m in Sources */ = {isa = PBXBuildFile; fileRef = 474483631921DE4E002BBCF5 /* Entities.m */; };
		474483671921DE91002BBCF5 /* CategoryListViewModel.m in Sources */ = {isa = PBXBuildFile; fileRef = 474483661921DE91002BBCF5 /* CategoryListViewModel.m */; };
		4744836D1921E90A002BBCF5 /* CategoryListTableViewController.m in Sources */ = {isa = PBXBuildFile; fileRef = 4744836C1921E90A002BBCF5 /* CategoryListTableViewController.m */; };
		474483701921EFAF002BBCF5 /* CategoryTableViewCell.m in Sources */ = {isa = PBXBuildFile; fileRef = 4744836F1921EFAF002BBCF5 /* CategoryTableViewCell.m */; };
		4744837319220BDA002BBCF5 /* ReportListTableViewController.m in Sources */ = {isa = PBXBuildFile; fileRef = 4744837219220BDA002BBCF5 /* ReportListTableViewController.m */; };
		4744837619220C39002BBCF5 /* ReportListViewModel.m in Sources */ = {isa = PBXBuildFile; fileRef = 4744837519220C39002BBCF5 /* ReportListViewModel.m */; };
		4744837919221633002BBCF5 /* BaseListViewModel.m in Sources */ = {isa = PBXBuildFile; fileRef = 4744837819221633002BBCF5 /* BaseListViewModel.m */; };
		4744837C192229BF002BBCF5 /* ReportTableViewCell.m in Sources */ = {isa = PBXBuildFile; fileRef = 4744837B192229BF002BBCF5 /* ReportTableViewCell.m */; };
		4744837F19231825002BBCF5 /* CategoryAddViewController.m in Sources */ = {isa = PBXBuildFile; fileRef = 4744837E19231825002BBCF5 /* CategoryAddViewController.m */; };
		4744838219231915002BBCF5 /* CategroyAddViewModel.m in Sources */ = {isa = PBXBuildFile; fileRef = 4744838119231915002BBCF5 /* CategroyAddViewModel.m */; };
		4744838819234949002BBCF5 /* BaseViewModel.m in Sources */ = {isa = PBXBuildFile; fileRef = 4744838719234949002BBCF5 /* BaseViewModel.m */; };
		4744838B1925EAC4002BBCF5 /* ReportAddOrUpdateViewModel.m in Sources */ = {isa = PBXBuildFile; fileRef = 4744838A1925EAC4002BBCF5 /* ReportAddOrUpdateViewModel.m */; };
		4744838E1925EC12002BBCF5 /* ReportAddOrUpdateViewController.m in Sources */ = {isa = PBXBuildFile; fileRef = 4744838D1925EC12002BBCF5 /* ReportAddOrUpdateViewController.m */; };
		474483911925F553002BBCF5 /* ImageViewModel.m in Sources */ = {isa = PBXBuildFile; fileRef = 474483901925F553002BBCF5 /* ImageViewModel.m */; };
		47448394192881F6002BBCF5 /* ReportDetailViewController.m in Sources */ = {isa = PBXBuildFile; fileRef = 47448393192881F6002BBCF5 /* ReportDetailViewController.m */; };
		474483971928835D002BBCF5 /* ReportDetailViewModel.m in Sources */ = {isa = PBXBuildFile; fileRef = 474483961928835D002BBCF5 /* ReportDetailViewModel.m */; };
		4744839A1929E357002BBCF5 /* BaseTableViewController.m in Sources */ = {isa = PBXBuildFile; fileRef = 474483991929E357002BBCF5 /* BaseTableViewController.m */; };
		4744839D1929ED2B002BBCF5 /* BaseListViewModel+TableDateSource.m in Sources */ = {isa = PBXBuildFile; fileRef = 4744839C1929ED2B002BBCF5 /* BaseListViewModel+TableDateSource.m */; };
		B6681EA0F5C54902B5629580 /* libPods-ShotEyesiPAD.a in Frameworks */ = {isa = PBXBuildFile; fileRef = E0AA51BD7309427994C64A84 /* libPods-ShotEyesiPAD.a */; };
/* End PBXBuildFile section */

/* Begin PBXContainerItemProxy section */
		4744834F1921C86F002BBCF5 /* PBXContainerItemProxy */ = {
			isa = PBXContainerItemProxy;
			containerPortal = 474483211921C86F002BBCF5 /* Project object */;
			proxyType = 1;
			remoteGlobalIDString = 474483281921C86F002BBCF5;
			remoteInfo = ShotEyesiPAD;
		};
/* End PBXContainerItemProxy section */

/* Begin PBXFileReference section */
		474483291921C86F002BBCF5 /* ShotEyesiPAD.app */ = {isa = PBXFileReference; explicitFileType = wrapper.application; includeInIndex = 0; path = ShotEyesiPAD.app; sourceTree = BUILT_PRODUCTS_DIR; };
		4744832C1921C86F002BBCF5 /* Foundation.framework */ = {isa = PBXFileReference; lastKnownFileType = wrapper.framework; name = Foundation.framework; path = System/Library/Frameworks/Foundation.framework; sourceTree = SDKROOT; };
		4744832E1921C86F002BBCF5 /* CoreGraphics.framework */ = {isa = PBXFileReference; lastKnownFileType = wrapper.framework; name = CoreGraphics.framework; path = System/Library/Frameworks/CoreGraphics.framework; sourceTree = SDKROOT; };
		474483301921C86F002BBCF5 /* UIKit.framework */ = {isa = PBXFileReference; lastKnownFileType = wrapper.framework; name = UIKit.framework; path = System/Library/Frameworks/UIKit.framework; sourceTree = SDKROOT; };
		474483341921C86F002BBCF5 /* ShotEyesiPAD-Info.plist */ = {isa = PBXFileReference; lastKnownFileType = text.plist.xml; path = "ShotEyesiPAD-Info.plist"; sourceTree = "<group>"; };
		474483361921C86F002BBCF5 /* en */ = {isa = PBXFileReference; lastKnownFileType = text.plist.strings; name = en; path = en.lproj/InfoPlist.strings; sourceTree = "<group>"; };
		474483381921C86F002BBCF5 /* main.m */ = {isa = PBXFileReference; lastKnownFileType = sourcecode.c.objc; path = main.m; sourceTree = "<group>"; };
		4744833A1921C86F002BBCF5 /* ShotEyesiPAD-Prefix.pch */ = {isa = PBXFileReference; lastKnownFileType = sourcecode.c.h; path = "ShotEyesiPAD-Prefix.pch"; sourceTree = "<group>"; };
		4744833B1921C86F002BBCF5 /* AppDelegate.h */ = {isa = PBXFileReference; lastKnownFileType = sourcecode.c.h; path = AppDelegate.h; sourceTree = "<group>"; };
		4744833C1921C86F002BBCF5 /* AppDelegate.m */ = {isa = PBXFileReference; lastKnownFileType = sourcecode.c.objc; path = AppDelegate.m; sourceTree = "<group>"; };
		4744833F1921C86F002BBCF5 /* Base */ = {isa = PBXFileReference; lastKnownFileType = file.storyboard; name = Base; path = Base.lproj/Main.storyboard; sourceTree = "<group>"; };
		474483441921C86F002BBCF5 /* Images.xcassets */ = {isa = PBXFileReference; lastKnownFileType = folder.assetcatalog; path = Images.xcassets; sourceTree = "<group>"; };
		4744834A1921C86F002BBCF5 /* ShotEyesiPADTests.xctest */ = {isa = PBXFileReference; explicitFileType = wrapper.cfbundle; includeInIndex = 0; path = ShotEyesiPADTests.xctest; sourceTree = BUILT_PRODUCTS_DIR; };
		4744834B1921C86F002BBCF5 /* XCTest.framework */ = {isa = PBXFileReference; lastKnownFileType = wrapper.framework; name = XCTest.framework; path = Library/Frameworks/XCTest.framework; sourceTree = DEVELOPER_DIR; };
		474483531921C86F002BBCF5 /* ShotEyesiPADTests-Info.plist */ = {isa = PBXFileReference; lastKnownFileType = text.plist.xml; path = "ShotEyesiPADTests-Info.plist"; sourceTree = "<group>"; };
		474483551921C86F002BBCF5 /* en */ = {isa = PBXFileReference; lastKnownFileType = text.plist.strings; name = en; path = en.lproj/InfoPlist.strings; sourceTree = "<group>"; };
		474483571921C86F002BBCF5 /* ShotEyesiPADTests.m */ = {isa = PBXFileReference; lastKnownFileType = sourcecode.c.objc; path = ShotEyesiPADTests.m; sourceTree = "<group>"; };
		474483621921DE4E002BBCF5 /* Entities.h */ = {isa = PBXFileReference; fileEncoding = 4; lastKnownFileType = sourcecode.c.h; path = Entities.h; sourceTree = "<group>"; };
		474483631921DE4E002BBCF5 /* Entities.m */ = {isa = PBXFileReference; fileEncoding = 4; lastKnownFileType = sourcecode.c.objc; path = Entities.m; sourceTree = "<group>"; };
		474483651921DE91002BBCF5 /* CategoryListViewModel.h */ = {isa = PBXFileReference; fileEncoding = 4; lastKnownFileType = sourcecode.c.h; path = CategoryListViewModel.h; sourceTree = "<group>"; };
		474483661921DE91002BBCF5 /* CategoryListViewModel.m */ = {isa = PBXFileReference; fileEncoding = 4; lastKnownFileType = sourcecode.c.objc; path = CategoryListViewModel.m; sourceTree = "<group>"; };
		4744836B1921E90A002BBCF5 /* CategoryListTableViewController.h */ = {isa = PBXFileReference; fileEncoding = 4; lastKnownFileType = sourcecode.c.h; path = CategoryListTableViewController.h; sourceTree = "<group>"; };
		4744836C1921E90A002BBCF5 /* CategoryListTableViewController.m */ = {isa = PBXFileReference; fileEncoding = 4; lastKnownFileType = sourcecode.c.objc; path = CategoryListTableViewController.m; sourceTree = "<group>"; };
		4744836E1921EFAE002BBCF5 /* CategoryTableViewCell.h */ = {isa = PBXFileReference; fileEncoding = 4; lastKnownFileType = sourcecode.c.h; path = CategoryTableViewCell.h; sourceTree = "<group>"; };
		4744836F1921EFAF002BBCF5 /* CategoryTableViewCell.m */ = {isa = PBXFileReference; fileEncoding = 4; lastKnownFileType = sourcecode.c.objc; path = CategoryTableViewCell.m; sourceTree = "<group>"; };
		4744837119220BDA002BBCF5 /* ReportListTableViewController.h */ = {isa = PBXFileReference; fileEncoding = 4; lastKnownFileType = sourcecode.c.h; path = ReportListTableViewController.h; sourceTree = "<group>"; };
		4744837219220BDA002BBCF5 /* ReportListTableViewController.m */ = {isa = PBXFileReference; fileEncoding = 4; lastKnownFileType = sourcecode.c.objc; path = ReportListTableViewController.m; sourceTree = "<group>"; };
		4744837419220C39002BBCF5 /* ReportListViewModel.h */ = {isa = PBXFileReference; fileEncoding = 4; lastKnownFileType = sourcecode.c.h; path = ReportListViewModel.h; sourceTree = "<group>"; };
		4744837519220C39002BBCF5 /* ReportListViewModel.m */ = {isa = PBXFileReference; fileEncoding = 4; lastKnownFileType = sourcecode.c.objc; path = ReportListViewModel.m; sourceTree = "<group>"; };
		4744837719221633002BBCF5 /* BaseListViewModel.h */ = {isa = PBXFileReference; fileEncoding = 4; lastKnownFileType = sourcecode.c.h; path = BaseListViewModel.h; sourceTree = "<group>"; };
		4744837819221633002BBCF5 /* BaseListViewModel.m */ = {isa = PBXFileReference; fileEncoding = 4; lastKnownFileType = sourcecode.c.objc; path = BaseListViewModel.m; sourceTree = "<group>"; };
		4744837A192229BF002BBCF5 /* ReportTableViewCell.h */ = {isa = PBXFileReference; fileEncoding = 4; lastKnownFileType = sourcecode.c.h; path = ReportTableViewCell.h; sourceTree = "<group>"; };
		4744837B192229BF002BBCF5 /* ReportTableViewCell.m */ = {isa = PBXFileReference; fileEncoding = 4; lastKnownFileType = sourcecode.c.objc; path = ReportTableViewCell.m; sourceTree = "<group>"; };
		4744837D19231825002BBCF5 /* CategoryAddViewController.h */ = {isa = PBXFileReference; fileEncoding = 4; lastKnownFileType = sourcecode.c.h; path = CategoryAddViewController.h; sourceTree = "<group>"; };
		4744837E19231825002BBCF5 /* CategoryAddViewController.m */ = {isa = PBXFileReference; fileEncoding = 4; lastKnownFileType = sourcecode.c.objc; path = CategoryAddViewController.m; sourceTree = "<group>"; };
		4744838019231915002BBCF5 /* CategroyAddViewModel.h */ = {isa = PBXFileReference; fileEncoding = 4; lastKnownFileType = sourcecode.c.h; path = CategroyAddViewModel.h; sourceTree = "<group>"; };
		4744838119231915002BBCF5 /* CategroyAddViewModel.m */ = {isa = PBXFileReference; fileEncoding = 4; lastKnownFileType = sourcecode.c.objc; path = CategroyAddViewModel.m; sourceTree = "<group>"; };
		4744838619234949002BBCF5 /* BaseViewModel.h */ = {isa = PBXFileReference; fileEncoding = 4; lastKnownFileType = sourcecode.c.h; path = BaseViewModel.h; sourceTree = "<group>"; };
		4744838719234949002BBCF5 /* BaseViewModel.m */ = {isa = PBXFileReference; fileEncoding = 4; lastKnownFileType = sourcecode.c.objc; path = BaseViewModel.m; sourceTree = "<group>"; };
		474483891925EAC4002BBCF5 /* ReportAddOrUpdateViewModel.h */ = {isa = PBXFileReference; fileEncoding = 4; lastKnownFileType = sourcecode.c.h; path = ReportAddOrUpdateViewModel.h; sourceTree = "<group>"; };
		4744838A1925EAC4002BBCF5 /* ReportAddOrUpdateViewModel.m */ = {isa = PBXFileReference; fileEncoding = 4; lastKnownFileType = sourcecode.c.objc; path = ReportAddOrUpdateViewModel.m; sourceTree = "<group>"; };
		4744838C1925EC12002BBCF5 /* ReportAddOrUpdateViewController.h */ = {isa = PBXFileReference; fileEncoding = 4; lastKnownFileType = sourcecode.c.h; path = ReportAddOrUpdateViewController.h; sourceTree = "<group>"; };
		4744838D1925EC12002BBCF5 /* ReportAddOrUpdateViewController.m */ = {isa = PBXFileReference; fileEncoding = 4; lastKnownFileType = sourcecode.c.objc; path = ReportAddOrUpdateViewController.m; sourceTree = "<group>"; };
		4744838F1925F553002BBCF5 /* ImageViewModel.h */ = {isa = PBXFileReference; fileEncoding = 4; lastKnownFileType = sourcecode.c.h; path = ImageViewModel.h; sourceTree = "<group>"; };
		474483901925F553002BBCF5 /* ImageViewModel.m */ = {isa = PBXFileReference; fileEncoding = 4; lastKnownFileType = sourcecode.c.objc; path = ImageViewModel.m; sourceTree = "<group>"; };
		47448392192881F6002BBCF5 /* ReportDetailViewController.h */ = {isa = PBXFileReference; fileEncoding = 4; lastKnownFileType = sourcecode.c.h; path = ReportDetailViewController.h; sourceTree = "<group>"; };
		47448393192881F6002BBCF5 /* ReportDetailViewController.m */ = {isa = PBXFileReference; fileEncoding = 4; lastKnownFileType = sourcecode.c.objc; path = ReportDetailViewController.m; sourceTree = "<group>"; };
		474483951928835D002BBCF5 /* ReportDetailViewModel.h */ = {isa = PBXFileReference; fileEncoding = 4; lastKnownFileType = sourcecode.c.h; path = ReportDetailViewModel.h; sourceTree = "<group>"; };
		474483961928835D002BBCF5 /* ReportDetailViewModel.m */ = {isa = PBXFileReference; fileEncoding = 4; lastKnownFileType = sourcecode.c.objc; path = ReportDetailViewModel.m; sourceTree = "<group>"; };
		474483981929E357002BBCF5 /* BaseTableViewController.h */ = {isa = PBXFileReference; fileEncoding = 4; lastKnownFileType = sourcecode.c.h; path = BaseTableViewController.h; sourceTree = "<group>"; };
		474483991929E357002BBCF5 /* BaseTableViewController.m */ = {isa = PBXFileReference; fileEncoding = 4; lastKnownFileType = sourcecode.c.objc; path = BaseTableViewController.m; sourceTree = "<group>"; };
		4744839B1929ED2B002BBCF5 /* BaseListViewModel+TableDateSource.h */ = {isa = PBXFileReference; fileEncoding = 4; lastKnownFileType = sourcecode.c.h; path = "BaseListViewModel+TableDateSource.h"; sourceTree = "<group>"; };
		4744839C1929ED2B002BBCF5 /* BaseListViewModel+TableDateSource.m */ = {isa = PBXFileReference; fileEncoding = 4; lastKnownFileType = sourcecode.c.objc; path = "BaseListViewModel+TableDateSource.m"; sourceTree = "<group>"; };
		DF0C6AA446754296BB0090DE /* Pods-ShotEyesiPAD.xcconfig */ = {isa = PBXFileReference; includeInIndex = 1; lastKnownFileType = text.xcconfig; name = "Pods-ShotEyesiPAD.xcconfig"; path = "Pods/Pods-ShotEyesiPAD.xcconfig"; sourceTree = "<group>"; };
		E0AA51BD7309427994C64A84 /* libPods-ShotEyesiPAD.a */ = {isa = PBXFileReference; explicitFileType = archive.ar; includeInIndex = 0; path = "libPods-ShotEyesiPAD.a"; sourceTree = BUILT_PRODUCTS_DIR; };
/* End PBXFileReference section */

/* Begin PBXFrameworksBuildPhase section */
		474483261921C86F002BBCF5 /* Frameworks */ = {
			isa = PBXFrameworksBuildPhase;
			buildActionMask = 2147483647;
			files = (
				4744832F1921C86F002BBCF5 /* CoreGraphics.framework in Frameworks */,
				474483311921C86F002BBCF5 /* UIKit.framework in Frameworks */,
				4744832D1921C86F002BBCF5 /* Foundation.framework in Frameworks */,
				B6681EA0F5C54902B5629580 /* libPods-ShotEyesiPAD.a in Frameworks */,
			);
			runOnlyForDeploymentPostprocessing = 0;
		};
		474483471921C86F002BBCF5 /* Frameworks */ = {
			isa = PBXFrameworksBuildPhase;
			buildActionMask = 2147483647;
			files = (
				4744834C1921C86F002BBCF5 /* XCTest.framework in Frameworks */,
				4744834E1921C86F002BBCF5 /* UIKit.framework in Frameworks */,
				4744834D1921C86F002BBCF5 /* Foundation.framework in Frameworks */,
			);
			runOnlyForDeploymentPostprocessing = 0;
		};
/* End PBXFrameworksBuildPhase section */

/* Begin PBXGroup section */
		474483201921C86F002BBCF5 = {
			isa = PBXGroup;
			children = (
				474483321921C86F002BBCF5 /* ShotEyesiPAD */,
				474483511921C86F002BBCF5 /* ShotEyesiPADTests */,
				4744832B1921C86F002BBCF5 /* Frameworks */,
				4744832A1921C86F002BBCF5 /* Products */,
				DF0C6AA446754296BB0090DE /* Pods-ShotEyesiPAD.xcconfig */,
			);
			sourceTree = "<group>";
		};
		4744832A1921C86F002BBCF5 /* Products */ = {
			isa = PBXGroup;
			children = (
				474483291921C86F002BBCF5 /* ShotEyesiPAD.app */,
				4744834A1921C86F002BBCF5 /* ShotEyesiPADTests.xctest */,
			);
			name = Products;
			sourceTree = "<group>";
		};
		4744832B1921C86F002BBCF5 /* Frameworks */ = {
			isa = PBXGroup;
			children = (
				4744832C1921C86F002BBCF5 /* Foundation.framework */,
				4744832E1921C86F002BBCF5 /* CoreGraphics.framework */,
				474483301921C86F002BBCF5 /* UIKit.framework */,
				4744834B1921C86F002BBCF5 /* XCTest.framework */,
				E0AA51BD7309427994C64A84 /* libPods-ShotEyesiPAD.a */,
			);
			name = Frameworks;
			sourceTree = "<group>";
		};
		474483321921C86F002BBCF5 /* ShotEyesiPAD */ = {
			isa = PBXGroup;
			children = (
				474483611921DE30002BBCF5 /* Entities */,
				4744833B1921C86F002BBCF5 /* AppDelegate.h */,
				4744833C1921C86F002BBCF5 /* AppDelegate.m */,
				4744833E1921C86F002BBCF5 /* Main.storyboard */,
				4744836B1921E90A002BBCF5 /* CategoryListTableViewController.h */,
				4744836C1921E90A002BBCF5 /* CategoryListTableViewController.m */,
				474483651921DE91002BBCF5 /* CategoryListViewModel.h */,
				474483661921DE91002BBCF5 /* CategoryListViewModel.m */,
				4744836E1921EFAE002BBCF5 /* CategoryTableViewCell.h */,
				4744836F1921EFAF002BBCF5 /* CategoryTableViewCell.m */,
				4744837D19231825002BBCF5 /* CategoryAddViewController.h */,
				4744837E19231825002BBCF5 /* CategoryAddViewController.m */,
				4744838019231915002BBCF5 /* CategroyAddViewModel.h */,
				4744838119231915002BBCF5 /* CategroyAddViewModel.m */,
				4744837119220BDA002BBCF5 /* ReportListTableViewController.h */,
				4744837219220BDA002BBCF5 /* ReportListTableViewController.m */,
				4744837419220C39002BBCF5 /* ReportListViewModel.h */,
				4744837519220C39002BBCF5 /* ReportListViewModel.m */,
				4744837A192229BF002BBCF5 /* ReportTableViewCell.h */,
				4744837B192229BF002BBCF5 /* ReportTableViewCell.m */,
				474483891925EAC4002BBCF5 /* ReportAddOrUpdateViewModel.h */,
				4744838A1925EAC4002BBCF5 /* ReportAddOrUpdateViewModel.m */,
				4744838C1925EC12002BBCF5 /* ReportAddOrUpdateViewController.h */,
				4744838D1925EC12002BBCF5 /* ReportAddOrUpdateViewController.m */,
				47448392192881F6002BBCF5 /* ReportDetailViewController.h */,
				47448393192881F6002BBCF5 /* ReportDetailViewController.m */,
				474483951928835D002BBCF5 /* ReportDetailViewModel.h */,
				474483961928835D002BBCF5 /* ReportDetailViewModel.m */,
				474483981929E357002BBCF5 /* BaseTableViewController.h */,
				474483991929E357002BBCF5 /* BaseTableViewController.m */,
				4744838619234949002BBCF5 /* BaseViewModel.h */,
				4744838719234949002BBCF5 /* BaseViewModel.m */,
				4744837719221633002BBCF5 /* BaseListViewModel.h */,
				4744837819221633002BBCF5 /* BaseListViewModel.m */,
				4744839B1929ED2B002BBCF5 /* BaseListViewModel+TableDateSource.h */,
				4744839C1929ED2B002BBCF5 /* BaseListViewModel+TableDateSource.m */,
				4744838F1925F553002BBCF5 /* ImageViewModel.h */,
				474483901925F553002BBCF5 /* ImageViewModel.m */,
				474483441921C86F002BBCF5 /* Images.xcassets */,
				474483331921C86F002BBCF5 /* Supporting Files */,
			);
			path = ShotEyesiPAD;
			sourceTree = "<group>";
		};
		474483331921C86F002BBCF5 /* Supporting Files */ = {
			isa = PBXGroup;
			children = (
				474483341921C86F002BBCF5 /* ShotEyesiPAD-Info.plist */,
				474483351921C86F002BBCF5 /* InfoPlist.strings */,
				474483381921C86F002BBCF5 /* main.m */,
				4744833A1921C86F002BBCF5 /* ShotEyesiPAD-Prefix.pch */,
			);
			name = "Supporting Files";
			sourceTree = "<group>";
		};
		474483511921C86F002BBCF5 /* ShotEyesiPADTests */ = {
			isa = PBXGroup;
			children = (
				474483571921C86F002BBCF5 /* ShotEyesiPADTests.m */,
				474483521921C86F002BBCF5 /* Supporting Files */,
			);
			path = ShotEyesiPADTests;
			sourceTree = "<group>";
		};
		474483521921C86F002BBCF5 /* Supporting Files */ = {
			isa = PBXGroup;
			children = (
				474483531921C86F002BBCF5 /* ShotEyesiPADTests-Info.plist */,
				474483541921C86F002BBCF5 /* InfoPlist.strings */,
			);
			name = "Supporting Files";
			sourceTree = "<group>";
		};
		474483611921DE30002BBCF5 /* Entities */ = {
			isa = PBXGroup;
			children = (
				474483621921DE4E002BBCF5 /* Entities.h */,
				474483631921DE4E002BBCF5 /* Entities.m */,
			);
			name = Entities;
			sourceTree = "<group>";
		};
/* End PBXGroup section */

/* Begin PBXNativeTarget section */
		474483281921C86F002BBCF5 /* ShotEyesiPAD */ = {
			isa = PBXNativeTarget;
			buildConfigurationList = 4744835B1921C86F002BBCF5 /* Build configuration list for PBXNativeTarget "ShotEyesiPAD" */;
			buildPhases = (
				B44FF1EE12F2487CA58EDAC8 /* Check Pods Manifest.lock */,
				474483251921C86F002BBCF5 /* Sources */,
				474483261921C86F002BBCF5 /* Frameworks */,
				474483271921C86F002BBCF5 /* Resources */,
				9FF70BCD08424F32A015E236 /* Copy Pods Resources */,
			);
			buildRules = (
			);
			dependencies = (
			);
			name = ShotEyesiPAD;
			productName = ShotEyesiPAD;
			productReference = 474483291921C86F002BBCF5 /* ShotEyesiPAD.app */;
			productType = "com.apple.product-type.application";
		};
		474483491921C86F002BBCF5 /* ShotEyesiPADTests */ = {
			isa = PBXNativeTarget;
			buildConfigurationList = 4744835E1921C86F002BBCF5 /* Build configuration list for PBXNativeTarget "ShotEyesiPADTests" */;
			buildPhases = (
				474483461921C86F002BBCF5 /* Sources */,
				474483471921C86F002BBCF5 /* Frameworks */,
				474483481921C86F002BBCF5 /* Resources */,
			);
			buildRules = (
			);
			dependencies = (
				474483501921C86F002BBCF5 /* PBXTargetDependency */,
			);
			name = ShotEyesiPADTests;
			productName = ShotEyesiPADTests;
			productReference = 4744834A1921C86F002BBCF5 /* ShotEyesiPADTests.xctest */;
			productType = "com.apple.product-type.bundle.unit-test";
		};
/* End PBXNativeTarget section */

/* Begin PBXProject section */
		474483211921C86F002BBCF5 /* Project object */ = {
			isa = PBXProject;
			attributes = {
				LastUpgradeCheck = 0510;
				ORGANIZATIONNAME = kita;
				TargetAttributes = {
					474483491921C86F002BBCF5 = {
						TestTargetID = 474483281921C86F002BBCF5;
					};
				};
			};
			buildConfigurationList = 474483241921C86F002BBCF5 /* Build configuration list for PBXProject "ShotEyesiPAD" */;
			compatibilityVersion = "Xcode 3.2";
			developmentRegion = English;
			hasScannedForEncodings = 0;
			knownRegions = (
				en,
				Base,
			);
			mainGroup = 474483201921C86F002BBCF5;
			productRefGroup = 4744832A1921C86F002BBCF5 /* Products */;
			projectDirPath = "";
			projectRoot = "";
			targets = (
				474483281921C86F002BBCF5 /* ShotEyesiPAD */,
				474483491921C86F002BBCF5 /* ShotEyesiPADTests */,
			);
		};
/* End PBXProject section */

/* Begin PBXResourcesBuildPhase section */
		474483271921C86F002BBCF5 /* Resources */ = {
			isa = PBXResourcesBuildPhase;
			buildActionMask = 2147483647;
			files = (
				474483451921C86F002BBCF5 /* Images.xcassets in Resources */,
				474483371921C86F002BBCF5 /* InfoPlist.strings in Resources */,
				474483401921C86F002BBCF5 /* Main.storyboard in Resources */,
			);
			runOnlyForDeploymentPostprocessing = 0;
		};
		474483481921C86F002BBCF5 /* Resources */ = {
			isa = PBXResourcesBuildPhase;
			buildActionMask = 2147483647;
			files = (
				474483561921C86F002BBCF5 /* InfoPlist.strings in Resources */,
			);
			runOnlyForDeploymentPostprocessing = 0;
		};
/* End PBXResourcesBuildPhase section */

/* Begin PBXShellScriptBuildPhase section */
		9FF70BCD08424F32A015E236 /* Copy Pods Resources */ = {
			isa = PBXShellScriptBuildPhase;
			buildActionMask = 2147483647;
			files = (
			);
			inputPaths = (
			);
			name = "Copy Pods Resources";
			outputPaths = (
			);
			runOnlyForDeploymentPostprocessing = 0;
			shellPath = /bin/sh;
			shellScript = "\"${SRCROOT}/Pods/Pods-ShotEyesiPAD-resources.sh\"\n";
			showEnvVarsInLog = 0;
		};
		B44FF1EE12F2487CA58EDAC8 /* Check Pods Manifest.lock */ = {
			isa = PBXShellScriptBuildPhase;
			buildActionMask = 2147483647;
			files = (
			);
			inputPaths = (
			);
			name = "Check Pods Manifest.lock";
			outputPaths = (
			);
			runOnlyForDeploymentPostprocessing = 0;
			shellPath = /bin/sh;
			shellScript = "diff \"${PODS_ROOT}/../Podfile.lock\" \"${PODS_ROOT}/Manifest.lock\" > /dev/null\nif [[ $? != 0 ]] ; then\n    cat << EOM\nerror: The sandbox is not in sync with the Podfile.lock. Run 'pod install' or update your CocoaPods installation.\nEOM\n    exit 1\nfi\n";
			showEnvVarsInLog = 0;
		};
/* End PBXShellScriptBuildPhase section */

/* Begin PBXSourcesBuildPhase section */
		474483251921C86F002BBCF5 /* Sources */ = {
			isa = PBXSourcesBuildPhase;
			buildActionMask = 2147483647;
			files = (
				4744833D1921C86F002BBCF5 /* AppDelegate.m in Sources */,
				474483971928835D002BBCF5 /* ReportDetailViewModel.m in Sources */,
				474483641921DE4E002BBCF5 /* Entities.m in Sources */,
				4744839D1929ED2B002BBCF5 /* BaseListViewModel+TableDateSource.m in Sources */,
				47448394192881F6002BBCF5 /* ReportDetailViewController.m in Sources */,
				4744839A1929E357002BBCF5 /* BaseTableViewController.m in Sources */,
				474483701921EFAF002BBCF5 /* CategoryTableViewCell.m in Sources */,
				4744837319220BDA002BBCF5 /* ReportListTableViewController.m in Sources */,
				4744838B1925EAC4002BBCF5 /* ReportAddOrUpdateViewModel.m in Sources */,
				4744838819234949002BBCF5 /* BaseViewModel.m in Sources */,
				4744838219231915002BBCF5 /* CategroyAddViewModel.m in Sources */,
				4744837619220C39002BBCF5 /* ReportListViewModel.m in Sources */,
				474483671921DE91002BBCF5 /* CategoryListViewModel.m in Sources */,
				474483391921C86F002BBCF5 /* main.m in Sources */,
				474483911925F553002BBCF5 /* ImageViewModel.m in Sources */,
				4744838E1925EC12002BBCF5 /* ReportAddOrUpdateViewController.m in Sources */,
				4744837F19231825002BBCF5 /* CategoryAddViewController.m in Sources */,
				4744837C192229BF002BBCF5 /* ReportTableViewCell.m in Sources */,
				4744836D1921E90A002BBCF5 /* CategoryListTableViewController.m in Sources */,
				4744837919221633002BBCF5 /* BaseListViewModel.m in Sources */,
			);
			runOnlyForDeploymentPostprocessing = 0;
		};
		474483461921C86F002BBCF5 /* Sources */ = {
			isa = PBXSourcesBuildPhase;
			buildActionMask = 2147483647;
			files = (
				474483581921C86F002BBCF5 /* ShotEyesiPADTests.m in Sources */,
			);
			runOnlyForDeploymentPostprocessing = 0;
		};
/* End PBXSourcesBuildPhase section */

/* Begin PBXTargetDependency section */
		474483501921C86F002BBCF5 /* PBXTargetDependency */ = {
			isa = PBXTargetDependency;
			target = 474483281921C86F002BBCF5 /* ShotEyesiPAD */;
			targetProxy = 4744834F1921C86F002BBCF5 /* PBXContainerItemProxy */;
		};
/* End PBXTargetDependency section */

/* Begin PBXVariantGroup section */
		474483351921C86F002BBCF5 /* InfoPlist.strings */ = {
			isa = PBXVariantGroup;
			children = (
				474483361921C86F002BBCF5 /* en */,
			);
			name = InfoPlist.strings;
			sourceTree = "<group>";
		};
		4744833E1921C86F002BBCF5 /* Main.storyboard */ = {
			isa = PBXVariantGroup;
			children = (
				4744833F1921C86F002BBCF5 /* Base */,
			);
			name = Main.storyboard;
			sourceTree = "<group>";
		};
		474483541921C86F002BBCF5 /* InfoPlist.strings */ = {
			isa = PBXVariantGroup;
			children = (
				474483551921C86F002BBCF5 /* en */,
			);
			name = InfoPlist.strings;
			sourceTree = "<group>";
		};
/* End PBXVariantGroup section */

/* Begin XCBuildConfiguration section */
		474483591921C86F002BBCF5 /* Debug */ = {
			isa = XCBuildConfiguration;
			buildSettings = {
				ALWAYS_SEARCH_USER_PATHS = NO;
				CLANG_CXX_LANGUAGE_STANDARD = "gnu++0x";
				CLANG_CXX_LIBRARY = "libc++";
				CLANG_ENABLE_MODULES = YES;
				CLANG_ENABLE_OBJC_ARC = YES;
				CLANG_WARN_BOOL_CONVERSION = YES;
				CLANG_WARN_CONSTANT_CONVERSION = YES;
				CLANG_WARN_DIRECT_OBJC_ISA_USAGE = YES_ERROR;
				CLANG_WARN_EMPTY_BODY = YES;
				CLANG_WARN_ENUM_CONVERSION = YES;
				CLANG_WARN_INT_CONVERSION = YES;
				CLANG_WARN_OBJC_ROOT_CLASS = YES_ERROR;
				CLANG_WARN__DUPLICATE_METHOD_MATCH = YES;
				"CODE_SIGN_IDENTITY[sdk=iphoneos*]" = "iPhone Developer";
				COPY_PHASE_STRIP = NO;
				GCC_C_LANGUAGE_STANDARD = gnu99;
				GCC_DYNAMIC_NO_PIC = NO;
				GCC_OPTIMIZATION_LEVEL = 0;
				GCC_PREPROCESSOR_DEFINITIONS = (
					"DEBUG=1",
					"$(inherited)",
				);
				GCC_SYMBOLS_PRIVATE_EXTERN = NO;
				GCC_WARN_64_TO_32_BIT_CONVERSION = YES;
				GCC_WARN_ABOUT_RETURN_TYPE = YES_ERROR;
				GCC_WARN_UNDECLARED_SELECTOR = YES;
				GCC_WARN_UNINITIALIZED_AUTOS = YES_AGGRESSIVE;
				GCC_WARN_UNUSED_FUNCTION = YES;
				GCC_WARN_UNUSED_VARIABLE = YES;
				IPHONEOS_DEPLOYMENT_TARGET = 7.1;
				ONLY_ACTIVE_ARCH = YES;
				SDKROOT = iphoneos;
				TARGETED_DEVICE_FAMILY = 2;
			};
			name = Debug;
		};
		4744835A1921C86F002BBCF5 /* Release */ = {
			isa = XCBuildConfiguration;
			buildSettings = {
				ALWAYS_SEARCH_USER_PATHS = NO;
				CLANG_CXX_LANGUAGE_STANDARD = "gnu++0x";
				CLANG_CXX_LIBRARY = "libc++";
				CLANG_ENABLE_MODULES = YES;
				CLANG_ENABLE_OBJC_ARC = YES;
				CLANG_WARN_BOOL_CONVERSION = YES;
				CLANG_WARN_CONSTANT_CONVERSION = YES;
				CLANG_WARN_DIRECT_OBJC_ISA_USAGE = YES_ERROR;
				CLANG_WARN_EMPTY_BODY = YES;
				CLANG_WARN_ENUM_CONVERSION = YES;
				CLANG_WARN_INT_CONVERSION = YES;
				CLANG_WARN_OBJC_ROOT_CLASS = YES_ERROR;
				CLANG_WARN__DUPLICATE_METHOD_MATCH = YES;
				"CODE_SIGN_IDENTITY[sdk=iphoneos*]" = "iPhone Developer";
				COPY_PHASE_STRIP = YES;
				ENABLE_NS_ASSERTIONS = NO;
				GCC_C_LANGUAGE_STANDARD = gnu99;
				GCC_WARN_64_TO_32_BIT_CONVERSION = YES;
				GCC_WARN_ABOUT_RETURN_TYPE = YES_ERROR;
				GCC_WARN_UNDECLARED_SELECTOR = YES;
				GCC_WARN_UNINITIALIZED_AUTOS = YES_AGGRESSIVE;
				GCC_WARN_UNUSED_FUNCTION = YES;
				GCC_WARN_UNUSED_VARIABLE = YES;
				IPHONEOS_DEPLOYMENT_TARGET = 7.1;
				SDKROOT = iphoneos;
				TARGETED_DEVICE_FAMILY = 2;
				VALIDATE_PRODUCT = YES;
			};
			name = Release;
		};
		4744835C1921C86F002BBCF5 /* Debug */ = {
			isa = XCBuildConfiguration;
			baseConfigurationReference = DF0C6AA446754296BB0090DE /* Pods-ShotEyesiPAD.xcconfig */;
			buildSettings = {
				ASSETCATALOG_COMPILER_APPICON_NAME = AppIcon;
				ASSETCATALOG_COMPILER_LAUNCHIMAGE_NAME = LaunchImage;
				GCC_PRECOMPILE_PREFIX_HEADER = YES;
				GCC_PREFIX_HEADER = "ShotEyesiPAD/ShotEyesiPAD-Prefix.pch";
				INFOPLIST_FILE = "ShotEyesiPAD/ShotEyesiPAD-Info.plist";
				PRODUCT_NAME = "$(TARGET_NAME)";
				TARGETED_DEVICE_FAMILY = 2;
				WRAPPER_EXTENSION = app;
			};
			name = Debug;
		};
		4744835D1921C86F002BBCF5 /* Release */ = {
			isa = XCBuildConfiguration;
			baseConfigurationReference = DF0C6AA446754296BB0090DE /* Pods-ShotEyesiPAD.xcconfig */;
			buildSettings = {
				ASSETCATALOG_COMPILER_APPICON_NAME = AppIcon;
				ASSETCATALOG_COMPILER_LAUNCHIMAGE_NAME = LaunchImage;
				GCC_PRECOMPILE_PREFIX_HEADER = YES;
				GCC_PREFIX_HEADER = "ShotEyesiPAD/ShotEyesiPAD-Prefix.pch";
				INFOPLIST_FILE = "ShotEyesiPAD/ShotEyesiPAD-Info.plist";
				PRODUCT_NAME = "$(TARGET_NAME)";
				TARGETED_DEVICE_FAMILY = 2;
				WRAPPER_EXTENSION = app;
			};
			name = Release;
		};
		4744835F1921C86F002BBCF5 /* Debug */ = {
			isa = XCBuildConfiguration;
			buildSettings = {
				BUNDLE_LOADER = "$(BUILT_PRODUCTS_DIR)/ShotEyesiPAD.app/ShotEyesiPAD";
				FRAMEWORK_SEARCH_PATHS = (
					"$(SDKROOT)/Developer/Library/Frameworks",
					"$(inherited)",
					"$(DEVELOPER_FRAMEWORKS_DIR)",
				);
				GCC_PRECOMPILE_PREFIX_HEADER = YES;
				GCC_PREFIX_HEADER = "ShotEyesiPAD/ShotEyesiPAD-Prefix.pch";
				GCC_PREPROCESSOR_DEFINITIONS = (
					"DEBUG=1",
					"$(inherited)",
				);
				INFOPLIST_FILE = "ShotEyesiPADTests/ShotEyesiPADTests-Info.plist";
				PRODUCT_NAME = "$(TARGET_NAME)";
				TEST_HOST = "$(BUNDLE_LOADER)";
				WRAPPER_EXTENSION = xctest;
			};
			name = Debug;
		};
		474483601921C86F002BBCF5 /* Release */ = {
			isa = XCBuildConfiguration;
			buildSettings = {
				BUNDLE_LOADER = "$(BUILT_PRODUCTS_DIR)/ShotEyesiPAD.app/ShotEyesiPAD";
				FRAMEWORK_SEARCH_PATHS = (
					"$(SDKROOT)/Developer/Library/Frameworks",
					"$(inherited)",
					"$(DEVELOPER_FRAMEWORKS_DIR)",
				);
				GCC_PRECOMPILE_PREFIX_HEADER = YES;
				GCC_PREFIX_HEADER = "ShotEyesiPAD/ShotEyesiPAD-Prefix.pch";
				INFOPLIST_FILE = "ShotEyesiPADTests/ShotEyesiPADTests-Info.plist";
				PRODUCT_NAME = "$(TARGET_NAME)";
				TEST_HOST = "$(BUNDLE_LOADER)";
				WRAPPER_EXTENSION = xctest;
			};
			name = Release;
		};
/* End XCBuildConfiguration section */

/* Begin XCConfigurationList section */
		474483241921C86F002BBCF5 /* Build configuration list for PBXProject "ShotEyesiPAD" */ = {
			isa = XCConfigurationList;
			buildConfigurations = (
				474483591921C86F002BBCF5 /* Debug */,
				4744835A1921C86F002BBCF5 /* Release */,
			);
			defaultConfigurationIsVisible = 0;
			defaultConfigurationName = Release;
		};
		4744835B1921C86F002BBCF5 /* Build configuration list for PBXNativeTarget "ShotEyesiPAD" */ = {
			isa = XCConfigurationList;
			buildConfigurations = (
				4744835C1921C86F002BBCF5 /* Debug */,
				4744835D1921C86F002BBCF5 /* Release */,
			);
			defaultConfigurationIsVisible = 0;
			defaultConfigurationName = Release;
		};
		4744835E1921C86F002BBCF5 /* Build configuration list for PBXNativeTarget "ShotEyesiPADTests" */ = {
			isa = XCConfigurationList;
			buildConfigurations = (
				4744835F1921C86F002BBCF5 /* Debug */,
				474483601921C86F002BBCF5 /* Release */,
			);
			defaultConfigurationIsVisible = 0;
			defaultConfigurationName = Release;
		};
/* End XCConfigurationList section */
	};
	rootObject = 474483211921C86F002BBCF5 /* Project object */;
}
